
Microsoft Visual Studio Solution File, Format Version 12.00
# Visual Studio Version 17
VisualStudioVersion = 17.14.36301.6
MinimumVisualStudioVersion = 10.0.40219.1
Project("{FAE04EC0-301F-11D3-BF4B-00C04F79EFBC}") = "TGGDLRJ2025", "TGGDLRJ2025\TGGDLRJ2025.csproj", "{9B64EF69-EBFB-4B0F-AD85-F1FF50927558}"
EndProject
Project("{F184B08F-C81C-45F6-A57F-5ABD9991F28F}") = "TGGDLRJ2025.UI", "TGGDLRJ2025.UI\TGGDLRJ2025.UI.vbproj", "{5A19E4C0-5BAD-471D-885F-FA1CEEBD406C}"
EndProject
Project("{F184B08F-C81C-45F6-A57F-5ABD9991F28F}") = "TGGD.UI", "TGGD.UI\TGGD.UI.vbproj", "{8AD390B9-40C9-4ED0-BADC-968D13958CD4}"
EndProject
Project("{F184B08F-C81C-45F6-A57F-5ABD9991F28F}") = "TGGDLRJ2025.Business", "TGGDLRJ2025.Business\TGGDLRJ2025.Business.vbproj", "{49F16F07-11BF-4D5F-9E6E-743C4C6D2BFF}"
EndProject
Project("{F184B08F-C81C-45F6-A57F-5ABD9991F28F}") = "TGGDLRJ2025.Data", "TGGDLRJ2025.Data\TGGDLRJ2025.Data.vbproj", "{A37323B6-2521-483B-850B-38E84FEBEF03}"
EndProject
Project("{F184B08F-C81C-45F6-A57F-5ABD9991F28F}") = "TGGD.Business", "TGGD.Business\TGGD.Business.vbproj", "{0017434A-7610-4AFC-A6B6-E1A00E4538FE}"
EndProject
Project("{F184B08F-C81C-45F6-A57F-5ABD9991F28F}") = "FontMaker", "FontMaker\FontMaker.vbproj", "{22C8EC2B-2383-4AE7-B96A-FBD52FD4F7CC}"
EndProject
Project("{2150E333-8FDC-42A3-9474-1A3956D46DE8}") = "Solution Items", "Solution Items", "{02EA681E-C7D8-13C7-8484-4AC65E1B71E8}"
	ProjectSection(SolutionItems) = preProject
		.editorconfig = .editorconfig
		..\.gitignore = ..\.gitignore
		..\shippit.sh = ..\shippit.sh
	EndProjectSection
EndProject
Global
	GlobalSection(SolutionConfigurationPlatforms) = preSolution
		Debug|Any CPU = Debug|Any CPU
		Release|Any CPU = Release|Any CPU
	EndGlobalSection
	GlobalSection(ProjectConfigurationPlatforms) = postSolution
		{9B64EF69-EBFB-4B0F-AD85-F1FF50927558}.Debug|Any CPU.ActiveCfg = Debug|Any CPU
		{9B64EF69-EBFB-4B0F-AD85-F1FF50927558}.Debug|Any CPU.Build.0 = Debug|Any CPU
		{9B64EF69-EBFB-4B0F-AD85-F1FF50927558}.Release|Any CPU.ActiveCfg = Release|Any CPU
		{9B64EF69-EBFB-4B0F-AD85-F1FF50927558}.Release|Any CPU.Build.0 = Release|Any CPU
		{5A19E4C0-5BAD-471D-885F-FA1CEEBD406C}.Debug|Any CPU.ActiveCfg = Debug|Any CPU
		{5A19E4C0-5BAD-471D-885F-FA1CEEBD406C}.Debug|Any CPU.Build.0 = Debug|Any CPU
		{5A19E4C0-5BAD-471D-885F-FA1CEEBD406C}.Release|Any CPU.ActiveCfg = Release|Any CPU
		{5A19E4C0-5BAD-471D-885F-FA1CEEBD406C}.Release|Any CPU.Build.0 = Release|Any CPU
		{8AD390B9-40C9-4ED0-BADC-968D13958CD4}.Debug|Any CPU.ActiveCfg = Debug|Any CPU
		{8AD390B9-40C9-4ED0-BADC-968D13958CD4}.Debug|Any CPU.Build.0 = Debug|Any CPU
		{8AD390B9-40C9-4ED0-BADC-968D13958CD4}.Release|Any CPU.ActiveCfg = Release|Any CPU
		{8AD390B9-40C9-4ED0-BADC-968D13958CD4}.Release|Any CPU.Build.0 = Release|Any CPU
		{49F16F07-11BF-4D5F-9E6E-743C4C6D2BFF}.Debug|Any CPU.ActiveCfg = Debug|Any CPU
		{49F16F07-11BF-4D5F-9E6E-743C4C6D2BFF}.Debug|Any CPU.Build.0 = Debug|Any CPU
		{49F16F07-11BF-4D5F-9E6E-743C4C6D2BFF}.Release|Any CPU.ActiveCfg = Release|Any CPU
		{49F16F07-11BF-4D5F-9E6E-743C4C6D2BFF}.Release|Any CPU.Build.0 = Release|Any CPU
		{A37323B6-2521-483B-850B-38E84FEBEF03}.Debug|Any CPU.ActiveCfg = Debug|Any CPU
		{A37323B6-2521-483B-850B-38E84FEBEF03}.Debug|Any CPU.Build.0 = Debug|Any CPU
		{A37323B6-2521-483B-850B-38E84FEBEF03}.Release|Any CPU.ActiveCfg = Release|Any CPU
		{A37323B6-2521-483B-850B-38E84FEBEF03}.Release|Any CPU.Build.0 = Release|Any CPU
		{0017434A-7610-4AFC-A6B6-E1A00E4538FE}.Debug|Any CPU.ActiveCfg = Debug|Any CPU
		{0017434A-7610-4AFC-A6B6-E1A00E4538FE}.Debug|Any CPU.Build.0 = Debug|Any CPU
		{0017434A-7610-4AFC-A6B6-E1A00E4538FE}.Release|Any CPU.ActiveCfg = Release|Any CPU
		{0017434A-7610-4AFC-A6B6-E1A00E4538FE}.Release|Any CPU.Build.0 = Release|Any CPU
		{22C8EC2B-2383-4AE7-B96A-FBD52FD4F7CC}.Debug|Any CPU.ActiveCfg = Debug|Any CPU
		{22C8EC2B-2383-4AE7-B96A-FBD52FD4F7CC}.Debug|Any CPU.Build.0 = Debug|Any CPU
		{22C8EC2B-2383-4AE7-B96A-FBD52FD4F7CC}.Release|Any CPU.ActiveCfg = Release|Any CPU
		{22C8EC2B-2383-4AE7-B96A-FBD52FD4F7CC}.Release|Any CPU.Build.0 = Release|Any CPU
	EndGlobalSection
	GlobalSection(SolutionProperties) = preSolution
		HideSolutionNode = FALSE
	EndGlobalSection
	GlobalSection(ExtensibilityGlobals) = postSolution
		SolutionGuid = {3C924022-B932-48D3-876F-E6531280FE67}
	EndGlobalSection
EndGlobal
